
Microsoft Visual Studio Solution File, Format Version 12.00
# Visual Studio Version 16
VisualStudioVersion = 16.0.30309.148
MinimumVisualStudioVersion = 15.0.26124.0
Project("{9A19103F-16F7-4668-BE54-9A1E7A4F7556}") = "SupermarketApi", "SupermarketApi\SupermarketApi.csproj", "{B5484B02-50A4-420E-895B-A2BD4B4D823D}"
EndProject
Project("{2150E333-8FDC-42A3-9474-1A3956D46DE8}") = "Solution Items", "Solution Items", "{A72B2044-280F-410B-AEA4-510EF727E2FC}"
	ProjectSection(SolutionItems) = preProject
		.editorconfig = .editorconfig
		.gitignore = .gitignore
		Directory.Build.props = Directory.Build.props
	EndProjectSection
EndProject
Project("{9A19103F-16F7-4668-BE54-9A1E7A4F7556}") = "SupermarketApi.UnitTests", "SupermarketApi.UnitTests\SupermarketApi.UnitTests.csproj", "{9B7D9585-CE22-4398-8CBB-C4773CDC9B04}"
EndProject
Global
	GlobalSection(SolutionConfigurationPlatforms) = preSolution
		Debug|Any CPU = Debug|Any CPU
		Debug|x64 = Debug|x64
		Debug|x86 = Debug|x86
		Release|Any CPU = Release|Any CPU
		Release|x64 = Release|x64
		Release|x86 = Release|x86
	EndGlobalSection
	GlobalSection(ProjectConfigurationPlatforms) = postSolution
		{B5484B02-50A4-420E-895B-A2BD4B4D823D}.Debug|Any CPU.ActiveCfg = Debug|Any CPU
		{B5484B02-50A4-420E-895B-A2BD4B4D823D}.Debug|Any CPU.Build.0 = Debug|Any CPU
		{B5484B02-50A4-420E-895B-A2BD4B4D823D}.Debug|x64.ActiveCfg = Debug|Any CPU
		{B5484B02-50A4-420E-895B-A2BD4B4D823D}.Debug|x64.Build.0 = Debug|Any CPU
		{B5484B02-50A4-420E-895B-A2BD4B4D823D}.Debug|x86.ActiveCfg = Debug|Any CPU
		{B5484B02-50A4-420E-895B-A2BD4B4D823D}.Debug|x86.Build.0 = Debug|Any CPU
		{B5484B02-50A4-420E-895B-A2BD4B4D823D}.Release|Any CPU.ActiveCfg = Release|Any CPU
		{B5484B02-50A4-420E-895B-A2BD4B4D823D}.Release|Any CPU.Build.0 = Release|Any CPU
		{B5484B02-50A4-420E-895B-A2BD4B4D823D}.Release|x64.ActiveCfg = Release|Any CPU
		{B5484B02-50A4-420E-895B-A2BD4B4D823D}.Release|x64.Build.0 = Release|Any CPU
		{B5484B02-50A4-420E-895B-A2BD4B4D823D}.Release|x86.ActiveCfg = Release|Any CPU
		{B5484B02-50A4-420E-895B-A2BD4B4D823D}.Release|x86.Build.0 = Release|Any CPU
		{9B7D9585-CE22-4398-8CBB-C4773CDC9B04}.Debug|Any CPU.ActiveCfg = Debug|Any CPU
		{9B7D9585-CE22-4398-8CBB-C4773CDC9B04}.Debug|Any CPU.Build.0 = Debug|Any CPU
		{9B7D9585-CE22-4398-8CBB-C4773CDC9B04}.Debug|x64.ActiveCfg = Debug|Any CPU
		{9B7D9585-CE22-4398-8CBB-C4773CDC9B04}.Debug|x64.Build.0 = Debug|Any CPU
		{9B7D9585-CE22-4398-8CBB-C4773CDC9B04}.Debug|x86.ActiveCfg = Debug|Any CPU
		{9B7D9585-CE22-4398-8CBB-C4773CDC9B04}.Debug|x86.Build.0 = Debug|Any CPU
		{9B7D9585-CE22-4398-8CBB-C4773CDC9B04}.Release|Any CPU.ActiveCfg = Release|Any CPU
		{9B7D9585-CE22-4398-8CBB-C4773CDC9B04}.Release|Any CPU.Build.0 = Release|Any CPU
		{9B7D9585-CE22-4398-8CBB-C4773CDC9B04}.Release|x64.ActiveCfg = Release|Any CPU
		{9B7D9585-CE22-4398-8CBB-C4773CDC9B04}.Release|x64.Build.0 = Release|Any CPU
		{9B7D9585-CE22-4398-8CBB-C4773CDC9B04}.Release|x86.ActiveCfg = Release|Any CPU
		{9B7D9585-CE22-4398-8CBB-C4773CDC9B04}.Release|x86.Build.0 = Release|Any CPU
	EndGlobalSection
	GlobalSection(SolutionProperties) = preSolution
		HideSolutionNode = FALSE
	EndGlobalSection
	GlobalSection(ExtensibilityGlobals) = postSolution
		SolutionGuid = {F7CDACBA-C4D9-46DD-8F68-6D07C5F31905}
	EndGlobalSection
EndGlobal
